
Microsoft Visual Studio Solution File, Format Version 12.00
# Visual Studio Version 17
VisualStudioVersion = 17.4.33205.214
MinimumVisualStudioVersion = 10.0.40219.1
Project("{FAE04EC0-301F-11D3-BF4B-00C04F79EFBC}") = "Products.Web", "Products.Web\Products.Web.csproj", "{5E125A8F-139C-4BF1-A194-C63258B0BFD8}"
EndProject
Project("{FAE04EC0-301F-11D3-BF4B-00C04F79EFBC}") = "Products.BusinessLogic", "Products.BusinessLogic\Products.BusinessLogic.csproj", "{1B6BA700-A494-48CE-BC1E-E90B55014B50}"
EndProject
Project("{FAE04EC0-301F-11D3-BF4B-00C04F79EFBC}") = "Products.Domain", "Products.Domain\Products.Domain.csproj", "{576907A0-E84E-44F9-88E4-1CADB5D71839}"
EndProject
Project("{FAE04EC0-301F-11D3-BF4B-00C04F79EFBC}") = "Products.DataAccess", "Products.DataAccess\Products.DataAccess.csproj", "{AAF5719D-7468-4E90-8027-CA2D161DFE50}"
EndProject
Global
	GlobalSection(SolutionConfigurationPlatforms) = preSolution
		Debug|Any CPU = Debug|Any CPU
		Release|Any CPU = Release|Any CPU
	EndGlobalSection
	GlobalSection(ProjectConfigurationPlatforms) = postSolution
		{5E125A8F-139C-4BF1-A194-C63258B0BFD8}.Debug|Any CPU.ActiveCfg = Debug|Any CPU
		{5E125A8F-139C-4BF1-A194-C63258B0BFD8}.Debug|Any CPU.Build.0 = Debug|Any CPU
		{5E125A8F-139C-4BF1-A194-C63258B0BFD8}.Release|Any CPU.ActiveCfg = Release|Any CPU
		{5E125A8F-139C-4BF1-A194-C63258B0BFD8}.Release|Any CPU.Build.0 = Release|Any CPU
		{1B6BA700-A494-48CE-BC1E-E90B55014B50}.Debug|Any CPU.ActiveCfg = Debug|Any CPU
		{1B6BA700-A494-48CE-BC1E-E90B55014B50}.Debug|Any CPU.Build.0 = Debug|Any CPU
		{1B6BA700-A494-48CE-BC1E-E90B55014B50}.Release|Any CPU.ActiveCfg = Release|Any CPU
		{1B6BA700-A494-48CE-BC1E-E90B55014B50}.Release|Any CPU.Build.0 = Release|Any CPU
		{576907A0-E84E-44F9-88E4-1CADB5D71839}.Debug|Any CPU.ActiveCfg = Debug|Any CPU
		{576907A0-E84E-44F9-88E4-1CADB5D71839}.Debug|Any CPU.Build.0 = Debug|Any CPU
		{576907A0-E84E-44F9-88E4-1CADB5D71839}.Release|Any CPU.ActiveCfg = Release|Any CPU
		{576907A0-E84E-44F9-88E4-1CADB5D71839}.Release|Any CPU.Build.0 = Release|Any CPU
		{AAF5719D-7468-4E90-8027-CA2D161DFE50}.Debug|Any CPU.ActiveCfg = Debug|Any CPU
		{AAF5719D-7468-4E90-8027-CA2D161DFE50}.Debug|Any CPU.Build.0 = Debug|Any CPU
		{AAF5719D-7468-4E90-8027-CA2D161DFE50}.Release|Any CPU.ActiveCfg = Release|Any CPU
		{AAF5719D-7468-4E90-8027-CA2D161DFE50}.Release|Any CPU.Build.0 = Release|Any CPU
	EndGlobalSection
	GlobalSection(SolutionProperties) = preSolution
		HideSolutionNode = FALSE
	EndGlobalSection
	GlobalSection(ExtensibilityGlobals) = postSolution
		SolutionGuid = {FBF7BE26-B8FB-4BAF-8DD2-B8E8E554ADB6}
	EndGlobalSection
EndGlobal
